// !$*UTF8*$!
{
	archiveVersion = 1;
	classes = {
	};
	objectVersion = 60;
	objects = {

/* Begin PBXBuildFile section */
		AA000020 /* DictusKeyboard.appex in Embed App Extensions */ = {isa = PBXBuildFile; fileRef = AA200002 /* DictusKeyboard.appex */; settings = {ATTRIBUTES = (RemoveHeadersOnCopy, ); }; };
		AA000001 /* DictusApp.swift in Sources */ = {isa = PBXBuildFile; fileRef = AA100001 /* DictusApp.swift */; };
		AA000002 /* ContentView.swift in Sources */ = {isa = PBXBuildFile; fileRef = AA100002 /* ContentView.swift */; };
		AA000003 /* KeyboardViewController.swift in Sources */ = {isa = PBXBuildFile; fileRef = AA100003 /* KeyboardViewController.swift */; };
		AA000004 /* KeyboardRootView.swift in Sources */ = {isa = PBXBuildFile; fileRef = AA100004 /* KeyboardRootView.swift */; };
		AA000005 /* DictationCoordinator.swift in Sources */ = {isa = PBXBuildFile; fileRef = AA100009 /* DictationCoordinator.swift */; };
		AA000006 /* DictationView.swift in Sources */ = {isa = PBXBuildFile; fileRef = AA10000A /* DictationView.swift */; };
		AA000007 /* KeyboardState.swift in Sources */ = {isa = PBXBuildFile; fileRef = AA10000B /* KeyboardState.swift */; };
		AA000008 /* MicButtonDisabled.swift in Sources */ = {isa = PBXBuildFile; fileRef = AA10000C /* MicButtonDisabled.swift */; };
		AA000010 /* DictusCore in Frameworks */ = {isa = PBXBuildFile; productRef = AA900010 /* DictusCore */; };
		AA000011 /* DictusCore in Frameworks */ = {isa = PBXBuildFile; productRef = AA900011 /* DictusCore */; };
		AA000030 /* InputView.swift in Sources */ = {isa = PBXBuildFile; fileRef = AA100030 /* InputView.swift */; };
		AA000031 /* KeyButton.swift in Sources */ = {isa = PBXBuildFile; fileRef = AA100031 /* KeyButton.swift */; };
		AA000032 /* SpecialKeyButton.swift in Sources */ = {isa = PBXBuildFile; fileRef = AA100032 /* SpecialKeyButton.swift */; };
		AA000033 /* KeyRow.swift in Sources */ = {isa = PBXBuildFile; fileRef = AA100033 /* KeyRow.swift */; };
		AA000034 /* KeyboardView.swift in Sources */ = {isa = PBXBuildFile; fileRef = AA100034 /* KeyboardView.swift */; };
		AA000035 /* FullAccessBanner.swift in Sources */ = {isa = PBXBuildFile; fileRef = AA100035 /* FullAccessBanner.swift */; };
		AA000036 /* KeyDefinition.swift in Sources */ = {isa = PBXBuildFile; fileRef = AA100036 /* KeyDefinition.swift */; };
		AA000037 /* KeyboardLayer.swift in Sources */ = {isa = PBXBuildFile; fileRef = AA100037 /* KeyboardLayer.swift */; };
		AA000038 /* KeyboardLayout.swift in Sources */ = {isa = PBXBuildFile; fileRef = AA100038 /* KeyboardLayout.swift */; };
		AA000040 /* AudioRecorder.swift in Sources */ = {isa = PBXBuildFile; fileRef = AA100040 /* AudioRecorder.swift */; };
		AA000041 /* TranscriptionService.swift in Sources */ = {isa = PBXBuildFile; fileRef = AA100041 /* TranscriptionService.swift */; };
		AA000042 /* WhisperKit in Frameworks */ = {isa = PBXBuildFile; productRef = AA900020 /* WhisperKit */; };
		AA000043 /* RecordingView.swift in Sources */ = {isa = PBXBuildFile; fileRef = AA100043 /* RecordingView.swift */; };
		AA000050 /* ModelManager.swift in Sources */ = {isa = PBXBuildFile; fileRef = AA100050 /* ModelManager.swift */; };
		AA000051 /* ModelManagerView.swift in Sources */ = {isa = PBXBuildFile; fileRef = AA100051 /* ModelManagerView.swift */; };
		AA000060 /* ToolbarView.swift in Sources */ = {isa = PBXBuildFile; fileRef = AA100060 /* ToolbarView.swift */; };
		AA000061 /* RecordingOverlay.swift in Sources */ = {isa = PBXBuildFile; fileRef = AA100061 /* RecordingOverlay.swift */; };
		AA000070 /* AccentPopup.swift in Sources */ = {isa = PBXBuildFile; fileRef = AA100070 /* AccentPopup.swift */; };
		AA000071 /* TestDictationView.swift in Sources */ = {isa = PBXBuildFile; fileRef = AA100071 /* TestDictationView.swift */; };
		AA000090 /* MainTabView.swift in Sources */ = {isa = PBXBuildFile; fileRef = AA100090 /* MainTabView.swift */; };
		AA000091 /* HomeView.swift in Sources */ = {isa = PBXBuildFile; fileRef = AA100091 /* HomeView.swift */; };
		AA000092 /* DiagnosticDetailView.swift in Sources */ = {isa = PBXBuildFile; fileRef = AA100092 /* DiagnosticDetailView.swift */; };
		AA0000A0 /* OnboardingView.swift in Sources */ = {isa = PBXBuildFile; fileRef = AA1000A0 /* OnboardingView.swift */; };
		AA0000A1 /* WelcomePage.swift in Sources */ = {isa = PBXBuildFile; fileRef = AA1000A1 /* WelcomePage.swift */; };
		AA0000A2 /* MicPermissionPage.swift in Sources */ = {isa = PBXBuildFile; fileRef = AA1000A2 /* MicPermissionPage.swift */; };
		AA0000A3 /* KeyboardSetupPage.swift in Sources */ = {isa = PBXBuildFile; fileRef = AA1000A3 /* KeyboardSetupPage.swift */; };
		AA0000A4 /* ModelDownloadPage.swift in Sources */ = {isa = PBXBuildFile; fileRef = AA1000A4 /* ModelDownloadPage.swift */; };
		AA0000A5 /* TestRecordingPage.swift in Sources */ = {isa = PBXBuildFile; fileRef = AA1000A5 /* TestRecordingPage.swift */; };
		AA0000A6 /* SettingsView.swift in Sources */ = {isa = PBXBuildFile; fileRef = AA1000A6 /* SettingsView.swift */; };
		AA0000A7 /* LicensesView.swift in Sources */ = {isa = PBXBuildFile; fileRef = AA1000A7 /* LicensesView.swift */; };
		AA0000C0 /* Assets.xcassets in Resources */ = {isa = PBXBuildFile; fileRef = AA1000C0 /* Assets.xcassets */; };
		AA0000C1 /* Settings.bundle in Resources */ = {isa = PBXBuildFile; fileRef = AA1000C1 /* Settings.bundle */; };
/* End PBXBuildFile section */

/* Begin PBXFileReference section */
		AA100001 /* DictusApp.swift */ = {isa = PBXFileReference; lastKnownFileType = sourcecode.swift; path = DictusApp.swift; sourceTree = "<group>"; };
		AA100002 /* ContentView.swift */ = {isa = PBXFileReference; lastKnownFileType = sourcecode.swift; path = ContentView.swift; sourceTree = "<group>"; };
		AA100003 /* KeyboardViewController.swift */ = {isa = PBXFileReference; lastKnownFileType = sourcecode.swift; path = KeyboardViewController.swift; sourceTree = "<group>"; };
		AA100004 /* KeyboardRootView.swift */ = {isa = PBXFileReference; lastKnownFileType = sourcecode.swift; path = KeyboardRootView.swift; sourceTree = "<group>"; };
		AA100005 /* DictusApp.entitlements */ = {isa = PBXFileReference; lastKnownFileType = text.plist.entitlements; path = DictusApp.entitlements; sourceTree = "<group>"; };
		AA100006 /* DictusKeyboard.entitlements */ = {isa = PBXFileReference; lastKnownFileType = text.plist.entitlements; path = DictusKeyboard.entitlements; sourceTree = "<group>"; };
		AA100007 /* Info.plist */ = {isa = PBXFileReference; lastKnownFileType = text.plist.xml; path = Info.plist; sourceTree = "<group>"; };
		AA100008 /* Info.plist */ = {isa = PBXFileReference; lastKnownFileType = text.plist.xml; path = Info.plist; sourceTree = "<group>"; };
		AA100009 /* DictationCoordinator.swift */ = {isa = PBXFileReference; lastKnownFileType = sourcecode.swift; path = DictationCoordinator.swift; sourceTree = "<group>"; };
		AA10000A /* DictationView.swift */ = {isa = PBXFileReference; lastKnownFileType = sourcecode.swift; path = DictationView.swift; sourceTree = "<group>"; };
		AA10000B /* KeyboardState.swift */ = {isa = PBXFileReference; lastKnownFileType = sourcecode.swift; path = KeyboardState.swift; sourceTree = "<group>"; };
		AA10000C /* MicButtonDisabled.swift */ = {isa = PBXFileReference; lastKnownFileType = sourcecode.swift; path = MicButtonDisabled.swift; sourceTree = "<group>"; };
		AA100030 /* InputView.swift */ = {isa = PBXFileReference; lastKnownFileType = sourcecode.swift; path = InputView.swift; sourceTree = "<group>"; };
		AA100031 /* KeyButton.swift */ = {isa = PBXFileReference; lastKnownFileType = sourcecode.swift; path = KeyButton.swift; sourceTree = "<group>"; };
		AA100032 /* SpecialKeyButton.swift */ = {isa = PBXFileReference; lastKnownFileType = sourcecode.swift; path = SpecialKeyButton.swift; sourceTree = "<group>"; };
		AA100033 /* KeyRow.swift */ = {isa = PBXFileReference; lastKnownFileType = sourcecode.swift; path = KeyRow.swift; sourceTree = "<group>"; };
		AA100034 /* KeyboardView.swift */ = {isa = PBXFileReference; lastKnownFileType = sourcecode.swift; path = KeyboardView.swift; sourceTree = "<group>"; };
		AA100035 /* FullAccessBanner.swift */ = {isa = PBXFileReference; lastKnownFileType = sourcecode.swift; path = FullAccessBanner.swift; sourceTree = "<group>"; };
		AA100036 /* KeyDefinition.swift */ = {isa = PBXFileReference; lastKnownFileType = sourcecode.swift; path = KeyDefinition.swift; sourceTree = "<group>"; };
		AA100037 /* KeyboardLayer.swift */ = {isa = PBXFileReference; lastKnownFileType = sourcecode.swift; path = KeyboardLayer.swift; sourceTree = "<group>"; };
		AA100038 /* KeyboardLayout.swift */ = {isa = PBXFileReference; lastKnownFileType = sourcecode.swift; path = KeyboardLayout.swift; sourceTree = "<group>"; };
		AA100040 /* AudioRecorder.swift */ = {isa = PBXFileReference; lastKnownFileType = sourcecode.swift; path = AudioRecorder.swift; sourceTree = "<group>"; };
		AA100041 /* TranscriptionService.swift */ = {isa = PBXFileReference; lastKnownFileType = sourcecode.swift; path = TranscriptionService.swift; sourceTree = "<group>"; };
		AA100043 /* RecordingView.swift */ = {isa = PBXFileReference; lastKnownFileType = sourcecode.swift; path = RecordingView.swift; sourceTree = "<group>"; };
		AA100050 /* ModelManager.swift */ = {isa = PBXFileReference; lastKnownFileType = sourcecode.swift; path = ModelManager.swift; sourceTree = "<group>"; };
		AA100051 /* ModelManagerView.swift */ = {isa = PBXFileReference; lastKnownFileType = sourcecode.swift; path = ModelManagerView.swift; sourceTree = "<group>"; };
		AA100060 /* ToolbarView.swift */ = {isa = PBXFileReference; lastKnownFileType = sourcecode.swift; path = ToolbarView.swift; sourceTree = "<group>"; };
		AA100061 /* RecordingOverlay.swift */ = {isa = PBXFileReference; lastKnownFileType = sourcecode.swift; path = RecordingOverlay.swift; sourceTree = "<group>"; };
		AA200001 /* DictusApp.app */ = {isa = PBXFileReference; explicitFileType = wrapper.application; includeInIndex = 0; path = DictusApp.app; sourceTree = BUILT_PRODUCTS_DIR; };
		AA200002 /* DictusKeyboard.appex */ = {isa = PBXFileReference; explicitFileType = "wrapper.app-extension"; includeInIndex = 0; path = DictusKeyboard.appex; sourceTree = BUILT_PRODUCTS_DIR; };
		AA100070 /* AccentPopup.swift */ = {isa = PBXFileReference; lastKnownFileType = sourcecode.swift; path = AccentPopup.swift; sourceTree = "<group>"; };
		AA100071 /* TestDictationView.swift */ = {isa = PBXFileReference; lastKnownFileType = sourcecode.swift; path = TestDictationView.swift; sourceTree = "<group>"; };
		AA100090 /* MainTabView.swift */ = {isa = PBXFileReference; lastKnownFileType = sourcecode.swift; path = MainTabView.swift; sourceTree = "<group>"; };
		AA100091 /* HomeView.swift */ = {isa = PBXFileReference; lastKnownFileType = sourcecode.swift; path = HomeView.swift; sourceTree = "<group>"; };
		AA100092 /* DiagnosticDetailView.swift */ = {isa = PBXFileReference; lastKnownFileType = sourcecode.swift; path = DiagnosticDetailView.swift; sourceTree = "<group>"; };
		AA1000A0 /* OnboardingView.swift */ = {isa = PBXFileReference; lastKnownFileType = sourcecode.swift; path = OnboardingView.swift; sourceTree = "<group>"; };
		AA1000A1 /* WelcomePage.swift */ = {isa = PBXFileReference; lastKnownFileType = sourcecode.swift; path = WelcomePage.swift; sourceTree = "<group>"; };
		AA1000A2 /* MicPermissionPage.swift */ = {isa = PBXFileReference; lastKnownFileType = sourcecode.swift; path = MicPermissionPage.swift; sourceTree = "<group>"; };
		AA1000A3 /* KeyboardSetupPage.swift */ = {isa = PBXFileReference; lastKnownFileType = sourcecode.swift; path = KeyboardSetupPage.swift; sourceTree = "<group>"; };
		AA1000A4 /* ModelDownloadPage.swift */ = {isa = PBXFileReference; lastKnownFileType = sourcecode.swift; path = ModelDownloadPage.swift; sourceTree = "<group>"; };
		AA1000A5 /* TestRecordingPage.swift */ = {isa = PBXFileReference; lastKnownFileType = sourcecode.swift; path = TestRecordingPage.swift; sourceTree = "<group>"; };
		AA1000A6 /* SettingsView.swift */ = {isa = PBXFileReference; lastKnownFileType = sourcecode.swift; path = SettingsView.swift; sourceTree = "<group>"; };
		AA1000A7 /* LicensesView.swift */ = {isa = PBXFileReference; lastKnownFileType = sourcecode.swift; path = LicensesView.swift; sourceTree = "<group>"; };
		AA1000C0 /* Assets.xcassets */ = {isa = PBXFileReference; lastKnownFileType = folder.assetcatalog; path = Assets.xcassets; sourceTree = "<group>"; };
		AA1000C1 /* Settings.bundle */ = {isa = PBXFileReference; lastKnownFileType = "wrapper.plug-in"; path = Settings.bundle; sourceTree = "<group>"; };
	/* End PBXFileReference section */

/* Begin PBXContainerItemProxy section */
		AA050001 /* PBXContainerItemProxy */ = {
			isa = PBXContainerItemProxy;
			containerPortal = AA000000 /* Project object */;
			proxyType = 1;
			remoteGlobalIDString = AA500002;
			remoteInfo = DictusKeyboard;
		};
/* End PBXContainerItemProxy section */

/* Begin PBXCopyFilesBuildPhase section */
		AA060001 /* Embed App Extensions */ = {
			isa = PBXCopyFilesBuildPhase;
			buildActionMask = 2147483647;
			dstPath = "";
			dstSubfolderSpec = 13;
			files = (
				AA000020 /* DictusKeyboard.appex in Embed App Extensions */,
			);
			name = "Embed App Extensions";
			runOnlyForDeploymentPostprocessing = 0;
		};
/* End PBXCopyFilesBuildPhase section */

/* Begin PBXFrameworksBuildPhase section */
		AA300001 /* Frameworks */ = {
			isa = PBXFrameworksBuildPhase;
			buildActionMask = 2147483647;
			files = (
				AA000010 /* DictusCore in Frameworks */,
				AA000042 /* WhisperKit in Frameworks */,
			);
			runOnlyForDeploymentPostprocessing = 0;
		};
		AA300002 /* Frameworks */ = {
			isa = PBXFrameworksBuildPhase;
			buildActionMask = 2147483647;
			files = (
				AA000011 /* DictusCore in Frameworks */,
			);
			runOnlyForDeploymentPostprocessing = 0;
		};
/* End PBXFrameworksBuildPhase section */

/* Begin PBXGroup section */
		AA400000 = {
			isa = PBXGroup;
			children = (
				AA400001 /* DictusApp */,
				AA400002 /* DictusKeyboard */,
				AA400003 /* DictusCore (local package) */,
				AA400004 /* Products */,
			);
			sourceTree = "<group>";
		};
		AA400001 /* DictusApp */ = {
			isa = PBXGroup;
			children = (
				AA100001 /* DictusApp.swift */,
				AA100002 /* ContentView.swift */,
				AA100009 /* DictationCoordinator.swift */,
				AA10000A /* DictationView.swift */,
				AA400007 /* Audio */,
				AA40000B /* Onboarding */,
				AA400008 /* Views */,
				AA400009 /* Models */,
				AA1000C0 /* Assets.xcassets */,
				AA1000C1 /* Settings.bundle */,
				AA100005 /* DictusApp.entitlements */,
				AA100007 /* Info.plist */,
			);
			path = DictusApp;
			sourceTree = "<group>";
		};
		AA40000B /* Onboarding */ = {
			isa = PBXGroup;
			children = (
				AA1000A0 /* OnboardingView.swift */,
				AA1000A1 /* WelcomePage.swift */,
				AA1000A2 /* MicPermissionPage.swift */,
				AA1000A3 /* KeyboardSetupPage.swift */,
				AA1000A4 /* ModelDownloadPage.swift */,
				AA1000A5 /* TestRecordingPage.swift */,
			);
			path = Onboarding;
			sourceTree = "<group>";
		};
		AA400007 /* Audio */ = {
			isa = PBXGroup;
			children = (
				AA100040 /* AudioRecorder.swift */,
				AA100041 /* TranscriptionService.swift */,
			);
			path = Audio;
			sourceTree = "<group>";
		};
		AA400008 /* Views */ = {
			isa = PBXGroup;
			children = (
				AA100090 /* MainTabView.swift */,
				AA100091 /* HomeView.swift */,
				AA100043 /* RecordingView.swift */,
				AA100051 /* ModelManagerView.swift */,
				AA100071 /* TestDictationView.swift */,
				AA100092 /* DiagnosticDetailView.swift */,
				AA1000A6 /* SettingsView.swift */,
				AA1000A7 /* LicensesView.swift */,
			);
			path = Views;
			sourceTree = "<group>";
		};
		AA400009 /* Models */ = {
			isa = PBXGroup;
			children = (
				AA100050 /* ModelManager.swift */,
			);
			path = Models;
			sourceTree = "<group>";
		};
		AA400002 /* DictusKeyboard */ = {
			isa = PBXGroup;
			children = (
				AA100003 /* KeyboardViewController.swift */,
				AA100004 /* KeyboardRootView.swift */,
				AA10000B /* KeyboardState.swift */,
				AA100030 /* InputView.swift */,
				AA400005 /* Views */,
				AA400006 /* Models */,
				AA100006 /* DictusKeyboard.entitlements */,
				AA100008 /* Info.plist */,
			);
			path = DictusKeyboard;
			sourceTree = "<group>";
		};
		AA400003 /* DictusCore (local package) */ = {
			isa = PBXGroup;
			children = (
			);
			name = "DictusCore (local package)";
			sourceTree = "<group>";
		};
		AA400004 /* Products */ = {
			isa = PBXGroup;
			children = (
				AA200001 /* DictusApp.app */,
				AA200002 /* DictusKeyboard.appex */,
			);
			name = Products;
			sourceTree = "<group>";
		};
		AA400005 /* Views */ = {
			isa = PBXGroup;
			children = (
				AA10000C /* MicButtonDisabled.swift */,
				AA100031 /* KeyButton.swift */,
				AA100032 /* SpecialKeyButton.swift */,
				AA100033 /* KeyRow.swift */,
				AA100034 /* KeyboardView.swift */,
				AA100035 /* FullAccessBanner.swift */,
				AA100060 /* ToolbarView.swift */,
				AA100061 /* RecordingOverlay.swift */,
				AA100070 /* AccentPopup.swift */,
			);
			path = Views;
			sourceTree = "<group>";
		};
		AA400006 /* Models */ = {
			isa = PBXGroup;
			children = (
				AA100036 /* KeyDefinition.swift */,
				AA100037 /* KeyboardLayer.swift */,
				AA100038 /* KeyboardLayout.swift */,
			);
			path = Models;
			sourceTree = "<group>";
		};
/* End PBXGroup section */

/* Begin PBXNativeTarget section */
		AA500001 /* DictusApp */ = {
			isa = PBXNativeTarget;
			buildConfigurationList = AA700001 /* Build configuration list for PBXNativeTarget "DictusApp" */;
			buildPhases = (
				AA600001 /* Sources */,
				AA300001 /* Frameworks */,
				AA600003 /* Resources */,
				AA060001 /* Embed App Extensions */,
			);
			buildRules = (
			);
			dependencies = (
				AA070001 /* PBXTargetDependency */,
			);
			name = DictusApp;
			packageProductDependencies = (
				AA900010 /* DictusCore */,
				AA900020 /* WhisperKit */,
			);
			productName = DictusApp;
			productReference = AA200001 /* DictusApp.app */;
			productType = "com.apple.product-type.application";
		};
		AA500002 /* DictusKeyboard */ = {
			isa = PBXNativeTarget;
			buildConfigurationList = AA700002 /* Build configuration list for PBXNativeTarget "DictusKeyboard" */;
			buildPhases = (
				AA600002 /* Sources */,
				AA300002 /* Frameworks */,
				AA600004 /* Resources */,
			);
			buildRules = (
			);
			dependencies = (
			);
			name = DictusKeyboard;
			packageProductDependencies = (
				AA900011 /* DictusCore */,
			);
			productName = DictusKeyboard;
			productReference = AA200002 /* DictusKeyboard.appex */;
			productType = "com.apple.product-type.app-extension";
		};
/* End PBXNativeTarget section */

/* Begin PBXTargetDependency section */
		AA070001 /* PBXTargetDependency */ = {
			isa = PBXTargetDependency;
			target = AA500002 /* DictusKeyboard */;
			targetProxy = AA050001 /* PBXContainerItemProxy */;
		};
/* End PBXTargetDependency section */

/* Begin PBXProject section */
		AA000000 /* Project object */ = {
			isa = PBXProject;
			attributes = {
				BuildIndependentTargetsInParallel = 1;
				LastSwiftUpdateCheck = 1500;
				LastUpgradeCheck = 1500;
				TargetAttributes = {
					AA500001 = {
						CreatedOnToolsVersion = 15.0;
					};
					AA500002 = {
						CreatedOnToolsVersion = 15.0;
					};
				};
			};
			buildConfigurationList = AA700000 /* Build configuration list for PBXProject "Dictus" */;
			compatibilityVersion = "Xcode 14.0";
			developmentRegion = fr;
			hasScannedForEncodings = 0;
			knownRegions = (
				fr,
				Base,
			);
			mainGroup = AA400000;
			packageReferences = (
				AA800001 /* XCLocalSwiftPackageReference "DictusCore" */,
				AA800002 /* XCRemoteSwiftPackageReference "WhisperKit" */,
			);
			productRefGroup = AA400004 /* Products */;
			projectDirPath = "";
			projectRoot = "";
			targets = (
				AA500001 /* DictusApp */,
				AA500002 /* DictusKeyboard */,
			);
		};
/* End PBXProject section */

/* Begin PBXResourcesBuildPhase section */
		AA600003 /* Resources */ = {
			isa = PBXResourcesBuildPhase;
			buildActionMask = 2147483647;
			files = (
				AA0000C0 /* Assets.xcassets in Resources */,
				AA0000C1 /* Settings.bundle in Resources */,
			);
			runOnlyForDeploymentPostprocessing = 0;
		};
		AA600004 /* Resources */ = {
			isa = PBXResourcesBuildPhase;
			buildActionMask = 2147483647;
			files = (
			);
			runOnlyForDeploymentPostprocessing = 0;
		};
/* End PBXResourcesBuildPhase section */

/* Begin PBXSourcesBuildPhase section */
		AA600001 /* Sources */ = {
			isa = PBXSourcesBuildPhase;
			buildActionMask = 2147483647;
			files = (
				AA000001 /* DictusApp.swift in Sources */,
				AA000002 /* ContentView.swift in Sources */,
				AA000005 /* DictationCoordinator.swift in Sources */,
				AA000006 /* DictationView.swift in Sources */,
				AA000040 /* AudioRecorder.swift in Sources */,
				AA000041 /* TranscriptionService.swift in Sources */,
				AA000043 /* RecordingView.swift in Sources */,
				AA000050 /* ModelManager.swift in Sources */,
				AA000051 /* ModelManagerView.swift in Sources */,
				AA000071 /* TestDictationView.swift in Sources */,
				AA000090 /* MainTabView.swift in Sources */,
				AA000091 /* HomeView.swift in Sources */,
				AA000092 /* DiagnosticDetailView.swift in Sources */,
				AA0000A0 /* OnboardingView.swift in Sources */,
				AA0000A1 /* WelcomePage.swift in Sources */,
				AA0000A2 /* MicPermissionPage.swift in Sources */,
				AA0000A3 /* KeyboardSetupPage.swift in Sources */,
				AA0000A4 /* ModelDownloadPage.swift in Sources */,
				AA0000A5 /* TestRecordingPage.swift in Sources */,
				AA0000A6 /* SettingsView.swift in Sources */,
				AA0000A7 /* LicensesView.swift in Sources */,
			);
			runOnlyForDeploymentPostprocessing = 0;
		};
		AA600002 /* Sources */ = {
			isa = PBXSourcesBuildPhase;
			buildActionMask = 2147483647;
			files = (
				AA000003 /* KeyboardViewController.swift in Sources */,
				AA000004 /* KeyboardRootView.swift in Sources */,
				AA000007 /* KeyboardState.swift in Sources */,
				AA000008 /* MicButtonDisabled.swift in Sources */,
				AA000030 /* InputView.swift in Sources */,
				AA000031 /* KeyButton.swift in Sources */,
				AA000032 /* SpecialKeyButton.swift in Sources */,
				AA000033 /* KeyRow.swift in Sources */,
				AA000034 /* KeyboardView.swift in Sources */,
				AA000035 /* FullAccessBanner.swift in Sources */,
				AA000036 /* KeyDefinition.swift in Sources */,
				AA000037 /* KeyboardLayer.swift in Sources */,
				AA000038 /* KeyboardLayout.swift in Sources */,
				AA000060 /* ToolbarView.swift in Sources */,
				AA000061 /* RecordingOverlay.swift in Sources */,
				AA000070 /* AccentPopup.swift in Sources */,
			);
			runOnlyForDeploymentPostprocessing = 0;
		};
/* End PBXSourcesBuildPhase section */

/* Begin XCBuildConfiguration section */
		AA710000 /* Debug */ = {
			isa = XCBuildConfiguration;
			buildSettings = {
				ALWAYS_SEARCH_USER_PATHS = NO;
				CLANG_ANALYZER_NONNULL = YES;
				CLANG_ANALYZER_NUMBER_OBJECT_CONVERSION = YES_AGGRESSIVE;
				CLANG_CXX_LANGUAGE_STANDARD = "gnu++20";
				CLANG_ENABLE_MODULES = YES;
				CLANG_ENABLE_OBJC_ARC = YES;
				CLANG_ENABLE_OBJC_WEAK = YES;
				CLANG_WARN_BLOCK_CAPTURE_AUTORELEASING = YES;
				CLANG_WARN_BOOL_CONVERSION = YES;
				CLANG_WARN_COMMA = YES;
				CLANG_WARN_CONSTANT_CONVERSION = YES;
				CLANG_WARN_DEPRECATED_OBJC_IMPLEMENTATIONS = YES;
				CLANG_WARN_DIRECT_OBJC_ISA_USAGE = YES_ERROR;
				CLANG_WARN_DOCUMENTATION_COMMENTS = YES;
				CLANG_WARN_EMPTY_BODY = YES;
				CLANG_WARN_ENUM_CONVERSION = YES;
				CLANG_WARN_INFINITE_RECURSION = YES;
				CLANG_WARN_INT_CONVERSION = YES;
				CLANG_WARN_NON_LITERAL_NULL_CONVERSION = YES;
				CLANG_WARN_OBJC_IMPLICIT_RETAIN_CYCLE = YES;
				CLANG_WARN_OBJC_LITERAL_CONVERSION = YES;
				CLANG_WARN_OBJC_ROOT_CLASS = YES_ERROR;
				CLANG_WARN_QUOTED_INCLUDE_IN_FRAMEWORK_HEADER = YES;
				CLANG_WARN_RANGE_LOOP_ANALYSIS = YES;
				CLANG_WARN_STRICT_PROTOTYPES = YES;
				CLANG_WARN_SUSPICIOUS_MOVE = YES;
				CLANG_WARN_UNGUARDED_AVAILABILITY = YES_AGGRESSIVE;
				CLANG_WARN_UNREACHABLE_CODE = YES;
				CLANG_WARN__DUPLICATE_METHOD_MATCH = YES;
				COPY_PHASE_STRIP = NO;
				DEBUG_INFORMATION_FORMAT = dwarf;
				ENABLE_STRICT_OBJC_MSGSEND = YES;
				ENABLE_TESTABILITY = YES;
				GCC_C_LANGUAGE_STANDARD = gnu11;
				GCC_DYNAMIC_NO_PIC = NO;
				GCC_NO_COMMON_BLOCKS = YES;
				GCC_OPTIMIZATION_LEVEL = 0;
				GCC_PREPROCESSOR_DEFINITIONS = (
					"DEBUG=1",
					"$(inherited)",
				);
				GCC_WARN_64_TO_32_BIT_CONVERSION = YES;
				GCC_WARN_ABOUT_RETURN_TYPE = YES_ERROR;
				GCC_WARN_UNDECLARED_SELECTOR = YES;
				GCC_WARN_UNINITIALIZED_AUTOS = YES_AGGRESSIVE;
				GCC_WARN_UNUSED_FUNCTION = YES;
				GCC_WARN_UNUSED_VARIABLE = YES;
				IPHONEOS_DEPLOYMENT_TARGET = 16.0;
				MTL_ENABLE_DEBUG_INFO = INCLUDE_SOURCE;
				MTL_FAST_MATH = YES;
				ONLY_ACTIVE_ARCH = YES;
				SDKROOT = iphoneos;
				SWIFT_ACTIVE_COMPILATION_CONDITIONS = DEBUG;
				SWIFT_OPTIMIZATION_LEVEL = "-Onone";
			};
			name = Debug;
		};
		AA710001 /* Release */ = {
			isa = XCBuildConfiguration;
			buildSettings = {
				ALWAYS_SEARCH_USER_PATHS = NO;
				CLANG_ANALYZER_NONNULL = YES;
				CLANG_ANALYZER_NUMBER_OBJECT_CONVERSION = YES_AGGRESSIVE;
				CLANG_CXX_LANGUAGE_STANDARD = "gnu++20";
				CLANG_ENABLE_MODULES = YES;
				CLANG_ENABLE_OBJC_ARC = YES;
				CLANG_ENABLE_OBJC_WEAK = YES;
				CLANG_WARN_BLOCK_CAPTURE_AUTORELEASING = YES;
				CLANG_WARN_BOOL_CONVERSION = YES;
				CLANG_WARN_COMMA = YES;
				CLANG_WARN_CONSTANT_CONVERSION = YES;
				CLANG_WARN_DEPRECATED_OBJC_IMPLEMENTATIONS = YES;
				CLANG_WARN_DIRECT_OBJC_ISA_USAGE = YES_ERROR;
				CLANG_WARN_DOCUMENTATION_COMMENTS = YES;
				CLANG_WARN_EMPTY_BODY = YES;
				CLANG_WARN_ENUM_CONVERSION = YES;
				CLANG_WARN_INFINITE_RECURSION = YES;
				CLANG_WARN_INT_CONVERSION = YES;
				CLANG_WARN_NON_LITERAL_NULL_CONVERSION = YES;
				CLANG_WARN_OBJC_IMPLICIT_RETAIN_CYCLE = YES;
				CLANG_WARN_OBJC_LITERAL_CONVERSION = YES;
				CLANG_WARN_OBJC_ROOT_CLASS = YES_ERROR;
				CLANG_WARN_QUOTED_INCLUDE_IN_FRAMEWORK_HEADER = YES;
				CLANG_WARN_RANGE_LOOP_ANALYSIS = YES;
				CLANG_WARN_STRICT_PROTOTYPES = YES;
				CLANG_WARN_SUSPICIOUS_MOVE = YES;
				CLANG_WARN_UNGUARDED_AVAILABILITY = YES_AGGRESSIVE;
				CLANG_WARN_UNREACHABLE_CODE = YES;
				CLANG_WARN__DUPLICATE_METHOD_MATCH = YES;
				COPY_PHASE_STRIP = NO;
				DEBUG_INFORMATION_FORMAT = "dwarf-with-dsym";
				ENABLE_NS_ASSERTIONS = NO;
				ENABLE_STRICT_OBJC_MSGSEND = YES;
				GCC_C_LANGUAGE_STANDARD = gnu11;
				GCC_NO_COMMON_BLOCKS = YES;
				GCC_WARN_64_TO_32_BIT_CONVERSION = YES;
				GCC_WARN_ABOUT_RETURN_TYPE = YES_ERROR;
				GCC_WARN_UNDECLARED_SELECTOR = YES;
				GCC_WARN_UNINITIALIZED_AUTOS = YES_AGGRESSIVE;
				GCC_WARN_UNUSED_FUNCTION = YES;
				GCC_WARN_UNUSED_VARIABLE = YES;
				IPHONEOS_DEPLOYMENT_TARGET = 16.0;
				MTL_ENABLE_DEBUG_INFO = NO;
				MTL_FAST_MATH = YES;
				SDKROOT = iphoneos;
				SWIFT_COMPILATION_MODE = wholemodule;
				SWIFT_OPTIMIZATION_LEVEL = "-O";
				VALIDATE_PRODUCT = YES;
			};
			name = Release;
		};
		AA720001 /* Debug */ = {
			isa = XCBuildConfiguration;
			buildSettings = {
				ASSETCATALOG_COMPILER_APPICON_NAME = AppIcon;
				ASSETCATALOG_COMPILER_GLOBAL_ACCENT_COLOR_NAME = AccentColor;
				CODE_SIGN_ENTITLEMENTS = DictusApp/DictusApp.entitlements;
				CODE_SIGN_STYLE = Automatic;
				CURRENT_PROJECT_VERSION = 1;
				DEVELOPMENT_TEAM = QN58279822;
				GENERATE_INFOPLIST_FILE = NO;
				INFOPLIST_FILE = DictusApp/Info.plist;
				IPHONEOS_DEPLOYMENT_TARGET = 16.0;
				MARKETING_VERSION = 1.0;
				PRODUCT_BUNDLE_IDENTIFIER = com.pivi.dictus;
				PRODUCT_NAME = "$(TARGET_NAME)";
				SDKROOT = iphoneos;
				SWIFT_EMIT_LOC_STRINGS = YES;
				SWIFT_VERSION = 5.0;
				TARGETED_DEVICE_FAMILY = 1;
			};
			name = Debug;
		};
		AA720002 /* Release */ = {
			isa = XCBuildConfiguration;
			buildSettings = {
				ASSETCATALOG_COMPILER_APPICON_NAME = AppIcon;
				ASSETCATALOG_COMPILER_GLOBAL_ACCENT_COLOR_NAME = AccentColor;
				CODE_SIGN_ENTITLEMENTS = DictusApp/DictusApp.entitlements;
				CODE_SIGN_STYLE = Automatic;
				CURRENT_PROJECT_VERSION = 1;
				DEVELOPMENT_TEAM = QN58279822;
				GENERATE_INFOPLIST_FILE = NO;
				INFOPLIST_FILE = DictusApp/Info.plist;
				IPHONEOS_DEPLOYMENT_TARGET = 16.0;
				MARKETING_VERSION = 1.0;
				PRODUCT_BUNDLE_IDENTIFIER = com.pivi.dictus;
				PRODUCT_NAME = "$(TARGET_NAME)";
				SDKROOT = iphoneos;
				SWIFT_EMIT_LOC_STRINGS = YES;
				SWIFT_VERSION = 5.0;
				TARGETED_DEVICE_FAMILY = 1;
			};
			name = Release;
		};
		AA730001 /* Debug */ = {
			isa = XCBuildConfiguration;
			buildSettings = {
				APPLICATION_EXTENSION_API_ONLY = YES;
				CODE_SIGN_ENTITLEMENTS = DictusKeyboard/DictusKeyboard.entitlements;
				CODE_SIGN_STYLE = Automatic;
				CURRENT_PROJECT_VERSION = 1;
				DEVELOPMENT_TEAM = QN58279822;
				GENERATE_INFOPLIST_FILE = NO;
				INFOPLIST_FILE = DictusKeyboard/Info.plist;
				IPHONEOS_DEPLOYMENT_TARGET = 16.0;
				MARKETING_VERSION = 1.0;
				PRODUCT_BUNDLE_IDENTIFIER = com.pivi.dictus.keyboard;
				PRODUCT_NAME = "$(TARGET_NAME)";
				SDKROOT = iphoneos;
				SKIP_INSTALL = YES;
				SWIFT_EMIT_LOC_STRINGS = YES;
				SWIFT_VERSION = 5.0;
				TARGETED_DEVICE_FAMILY = 1;
			};
			name = Debug;
		};
		AA730002 /* Release */ = {
			isa = XCBuildConfiguration;
			buildSettings = {
				APPLICATION_EXTENSION_API_ONLY = YES;
				CODE_SIGN_ENTITLEMENTS = DictusKeyboard/DictusKeyboard.entitlements;
				CODE_SIGN_STYLE = Automatic;
				CURRENT_PROJECT_VERSION = 1;
				DEVELOPMENT_TEAM = QN58279822;
				GENERATE_INFOPLIST_FILE = NO;
				INFOPLIST_FILE = DictusKeyboard/Info.plist;
				IPHONEOS_DEPLOYMENT_TARGET = 16.0;
				MARKETING_VERSION = 1.0;
				PRODUCT_BUNDLE_IDENTIFIER = com.pivi.dictus.keyboard;
				PRODUCT_NAME = "$(TARGET_NAME)";
				SDKROOT = iphoneos;
				SKIP_INSTALL = YES;
				SWIFT_EMIT_LOC_STRINGS = YES;
				SWIFT_VERSION = 5.0;
				TARGETED_DEVICE_FAMILY = 1;
			};
			name = Release;
		};
/* End XCBuildConfiguration section */

/* Begin XCConfigurationList section */
		AA700000 /* Build configuration list for PBXProject "Dictus" */ = {
			isa = XCConfigurationList;
			buildConfigurations = (
				AA710000 /* Debug */,
				AA710001 /* Release */,
			);
			defaultConfigurationIsVisible = 0;
			defaultConfigurationName = Release;
		};
		AA700001 /* Build configuration list for PBXNativeTarget "DictusApp" */ = {
			isa = XCConfigurationList;
			buildConfigurations = (
				AA720001 /* Debug */,
				AA720002 /* Release */,
			);
			defaultConfigurationIsVisible = 0;
			defaultConfigurationName = Release;
		};
		AA700002 /* Build configuration list for PBXNativeTarget "DictusKeyboard" */ = {
			isa = XCConfigurationList;
			buildConfigurations = (
				AA730001 /* Debug */,
				AA730002 /* Release */,
			);
			defaultConfigurationIsVisible = 0;
			defaultConfigurationName = Release;
		};
/* End XCConfigurationList section */

/* Begin XCLocalSwiftPackageReference section */
		AA800001 /* XCLocalSwiftPackageReference "DictusCore" */ = {
			isa = XCLocalSwiftPackageReference;
			relativePath = DictusCore;
		};
/* End XCLocalSwiftPackageReference section */

/* Begin XCRemoteSwiftPackageReference section */
		AA800002 /* XCRemoteSwiftPackageReference "WhisperKit" */ = {
			isa = XCRemoteSwiftPackageReference;
			repositoryURL = "https://github.com/argmaxinc/WhisperKit.git";
			requirement = {
				kind = upToNextMajorVersion;
				minimumVersion = 0.16.0;
			};
		};
/* End XCRemoteSwiftPackageReference section */

/* Begin XCSwiftPackageProductDependency section */
		AA900010 /* DictusCore */ = {
			isa = XCSwiftPackageProductDependency;
			package = AA800001 /* XCLocalSwiftPackageReference "DictusCore" */;
			productName = DictusCore;
		};
		AA900011 /* DictusCore */ = {
			isa = XCSwiftPackageProductDependency;
			package = AA800001 /* XCLocalSwiftPackageReference "DictusCore" */;
			productName = DictusCore;
		};
		AA900020 /* WhisperKit */ = {
			isa = XCSwiftPackageProductDependency;
			package = AA800002 /* XCRemoteSwiftPackageReference "WhisperKit" */;
			productName = WhisperKit;
		};
/* End XCSwiftPackageProductDependency section */
	};
	rootObject = AA000000 /* Project object */;
}
